{
  "requires": true,
  "lockfileVersion": 1,
  "dependencies": {
    "esbuild": {
      "version": "0.8.48",
      "resolved": "https://registry.npmjs.org/esbuild/-/esbuild-0.8.48.tgz",
      "integrity": "sha512-lrH8lA8wWQ6Lpe1z6C7ZZaFSmRsUlcQAqe16nf7ITySQ7MV4+vI7qAqQlT/u+c3+9AL3VXmT4MXTxV2e63pO4A=="
    }
  }
}
